lockfileVersion: '9.0'

settings:
  autoInstallPeers: true
  excludeLinksFromLockfile: false

importers:
  .:
    dependencies:
      '@vercel/flags':
        specifier: ^2.6.0
        version: 2.6.0

packages:
  '@vercel/flags@2.6.0':
    resolution:
      {
        integrity: sha512-GvLX0CK/OsIqq672OBvcCeu0k3tb3QdE0lRn1P5zulMQJIPTLlUDEH0y9TeAyC7TMWlpTTT5Bealqu0rmncyXQ==,
      }
    peerDependencies:
      '@sveltejs/kit': '*'
      next: '*'
      react: '*'
      react-dom: '*'
    peerDependenciesMeta:
      '@sveltejs/kit':
        optional: true
      next:
        optional: true
      react:
        optional: true
      react-dom:
        optional: true

  jose@5.2.1:
    resolution:
      {
        integrity: sha512-qiaQhtQRw6YrOaOj0v59h3R6hUY9NvxBmmnMfKemkqYmBB0tEc97NbLP7ix44VP5p9/0YHG8Vyhzuo5YBNwviA==,
      }

snapshots:
  '@vercel/flags@2.6.0':
    dependencies:
      jose: 5.2.1

  jose@5.2.1: {}
